// !$*UTF8*$!
{
	archiveVersion = 1;
	classes = {
	};
	objectVersion = 52;
	objects = {

/* Begin PBXBuildFile section */
		672B838DC4092779EF8A1059 /* Pods_Bazaar_iOSTests.framework in Frameworks */ = {isa = PBXBuildFile; fileRef = AFCE404E29F7D49B363A2C8E /* Pods_Bazaar_iOSTests.framework */; };
		6917C9C2259696E700BCA7B8 /* FilterViewController.swift in Sources */ = {isa = PBXBuildFile; fileRef = 6917C9C1259696E700BCA7B8 /* FilterViewController.swift */; };
		6929E5F1257F8576008F32D3 /* SearchHistoryTableViewCell.swift in Sources */ = {isa = PBXBuildFile; fileRef = 6929E5F0257F8576008F32D3 /* SearchHistoryTableViewCell.swift */; };
		6929E5F6257FD4FE008F32D3 /* StarRatingStackView.xib in Resources */ = {isa = PBXBuildFile; fileRef = 6929E5F3257FD4FD008F32D3 /* StarRatingStackView.xib */; };
		6929E5F7257FD4FE008F32D3 /* StarRatingStackView.swift in Sources */ = {isa = PBXBuildFile; fileRef = 6929E5F4257FD4FD008F32D3 /* StarRatingStackView.swift */; };
		6929E5F8257FD4FE008F32D3 /* StarRatingView.swift in Sources */ = {isa = PBXBuildFile; fileRef = 6929E5F5257FD4FE008F32D3 /* StarRatingView.swift */; };
		6949C910257D8F5B00175AC5 /* SearchResultsViewController.swift in Sources */ = {isa = PBXBuildFile; fileRef = 6949C90F257D8F5B00175AC5 /* SearchResultsViewController.swift */; };
		696B5E21258E988800CF1FB8 /* CartTableViewCell.swift in Sources */ = {isa = PBXBuildFile; fileRef = 696B5E1F258E988800CF1FB8 /* CartTableViewCell.swift */; };
		696B5E22258E988800CF1FB8 /* CartTableViewCell.xib in Resources */ = {isa = PBXBuildFile; fileRef = 696B5E20258E988800CF1FB8 /* CartTableViewCell.xib */; };
		6994EACD255DA3D400AC48F6 /* MainTabBarController.swift in Sources */ = {isa = PBXBuildFile; fileRef = 6994EACB255DA3D400AC48F6 /* MainTabBarController.swift */; };
		6994EACE255DA3D400AC48F6 /* MainTabBarController.xib in Resources */ = {isa = PBXBuildFile; fileRef = 6994EACC255DA3D400AC48F6 /* MainTabBarController.xib */; };
		6994EAD0255DB7BC00AC48F6 /* WishlistViewController.swift in Sources */ = {isa = PBXBuildFile; fileRef = 6994EACF255DB7BC00AC48F6 /* WishlistViewController.swift */; };
		6994EAD2255DB9F500AC48F6 /* CategoriesViewController.swift in Sources */ = {isa = PBXBuildFile; fileRef = 6994EAD1255DB9F500AC48F6 /* CategoriesViewController.swift */; };
		6994EAD6255DBF4A00AC48F6 /* MyCartViewController.swift in Sources */ = {isa = PBXBuildFile; fileRef = 6994EAD5255DBF4A00AC48F6 /* MyCartViewController.swift */; };
		6994EAE22566F8D300AC48F6 /* Product.swift in Sources */ = {isa = PBXBuildFile; fileRef = 6994EAE12566F8D300AC48F6 /* Product.swift */; };
		930C1FA0256C08E20086E1DC /* URLRequestBuilder.swift in Sources */ = {isa = PBXBuildFile; fileRef = 930C1F9F256C08E20086E1DC /* URLRequestBuilder.swift */; };
		930C1FA6256C09FC0086E1DC /* ApiRouter.swift in Sources */ = {isa = PBXBuildFile; fileRef = 930C1FA5256C09FC0086E1DC /* ApiRouter.swift */; };
		930C1FAF256C0D9D0086E1DC /* APIDatas.swift in Sources */ = {isa = PBXBuildFile; fileRef = 930C1FAE256C0D9D0086E1DC /* APIDatas.swift */; };
		930C1FB4256C12A00086E1DC /* APIParse.swift in Sources */ = {isa = PBXBuildFile; fileRef = 930C1FB3256C12A00086E1DC /* APIParse.swift */; };
		930C1FC6256C140B0086E1DC /* Alamofire in Frameworks */ = {isa = PBXBuildFile; productRef = 930C1FC5256C140B0086E1DC /* Alamofire */; };
		9333667C25794FDB0010E82F /* Constants.swift in Sources */ = {isa = PBXBuildFile; fileRef = 9333667B25794FDB0010E82F /* Constants.swift */; };
		9377BEB425AD0D7100AE8CC2 /* VendorProfileViewController.swift in Sources */ = {isa = PBXBuildFile; fileRef = 9377BEB325AD0D7100AE8CC2 /* VendorProfileViewController.swift */; };
		9377BEB925AD0D8600AE8CC2 /* VendorMyOrdersViewController.swift in Sources */ = {isa = PBXBuildFile; fileRef = 9377BEB825AD0D8600AE8CC2 /* VendorMyOrdersViewController.swift */; };
		9377BEBE25AD0DA300AE8CC2 /* VendorMyProductsViewController.swift in Sources */ = {isa = PBXBuildFile; fileRef = 9377BEBD25AD0DA300AE8CC2 /* VendorMyProductsViewController.swift */; };
		938A1552256AD19100572844 /* CategoryCollectionViewCell.swift in Sources */ = {isa = PBXBuildFile; fileRef = 938A1550256AD19100572844 /* CategoryCollectionViewCell.swift */; };
		938A1553256AD19100572844 /* CategoryCollectionViewCell.xib in Resources */ = {isa = PBXBuildFile; fileRef = 938A1551256AD19100572844 /* CategoryCollectionViewCell.xib */; };
		939AB4F825694B76007815C8 /* StringHelper.swift in Sources */ = {isa = PBXBuildFile; fileRef = 939AB4F725694B76007815C8 /* StringHelper.swift */; };
		93C2D069257FE419007C5750 /* credentials.plist in Resources */ = {isa = PBXBuildFile; fileRef = 93C2D068257FE419007C5750 /* credentials.plist */; };
		93D91AC625867A3B007B238C /* MyAccountViewController.swift in Sources */ = {isa = PBXBuildFile; fileRef = 93D91AC525867A3B007B238C /* MyAccountViewController.swift */; };
		93E99DD92577E8CD00BCFDAD /* LoginViewController.swift in Sources */ = {isa = PBXBuildFile; fileRef = 93E99DD72577E8CC00BCFDAD /* LoginViewController.swift */; };
		93E99DDA2577E8CD00BCFDAD /* SignUpViewController.swift in Sources */ = {isa = PBXBuildFile; fileRef = 93E99DD82577E8CC00BCFDAD /* SignUpViewController.swift */; };
		93E99DDF2577E91B00BCFDAD /* RadioButton.swift in Sources */ = {isa = PBXBuildFile; fileRef = 93E99DDE2577E91B00BCFDAD /* RadioButton.swift */; };
		93E99DE42577E93300BCFDAD /* APIManager.swift in Sources */ = {isa = PBXBuildFile; fileRef = 93E99DE32577E93300BCFDAD /* APIManager.swift */; };
		93E99DE92577F3F700BCFDAD /* ProductDetailViewController.swift in Sources */ = {isa = PBXBuildFile; fileRef = 93E99DE82577F3F700BCFDAD /* ProductDetailViewController.swift */; };
		93EE3CA32558822500B504DF /* AppDelegate.swift in Sources */ = {isa = PBXBuildFile; fileRef = 93EE3CA22558822500B504DF /* AppDelegate.swift */; };
		93EE3CA52558822500B504DF /* SceneDelegate.swift in Sources */ = {isa = PBXBuildFile; fileRef = 93EE3CA42558822500B504DF /* SceneDelegate.swift */; };
		93EE3CA72558822500B504DF /* MainViewController.swift in Sources */ = {isa = PBXBuildFile; fileRef = 93EE3CA62558822500B504DF /* MainViewController.swift */; };
		93EE3CAA2558822500B504DF /* Main.storyboard in Resources */ = {isa = PBXBuildFile; fileRef = 93EE3CA82558822500B504DF /* Main.storyboard */; };
		93EE3CAD2558822500B504DF /* Bazaar_iOS.xcdatamodeld in Sources */ = {isa = PBXBuildFile; fileRef = 93EE3CAB2558822500B504DF /* Bazaar_iOS.xcdatamodeld */; };
		93EE3CAF2558822700B504DF /* Assets.xcassets in Resources */ = {isa = PBXBuildFile; fileRef = 93EE3CAE2558822700B504DF /* Assets.xcassets */; };
		93EE3CB22558822700B504DF /* LaunchScreen.storyboard in Resources */ = {isa = PBXBuildFile; fileRef = 93EE3CB02558822700B504DF /* LaunchScreen.storyboard */; };
		93EE3CBD2558822700B504DF /* Bazaar_iOSTests.swift in Sources */ = {isa = PBXBuildFile; fileRef = 93EE3CBC2558822700B504DF /* Bazaar_iOSTests.swift */; };
		93EE3CC82558822700B504DF /* Bazaar_iOSUITests.swift in Sources */ = {isa = PBXBuildFile; fileRef = 93EE3CC72558822700B504DF /* Bazaar_iOSUITests.swift */; };
		93EE3CDA25594A6800B504DF /* ProductCell.swift in Sources */ = {isa = PBXBuildFile; fileRef = 93EE3CD825594A6800B504DF /* ProductCell.swift */; };
		93EE3CDB25594A6800B504DF /* ProductCell.xib in Resources */ = {isa = PBXBuildFile; fileRef = 93EE3CD925594A6800B504DF /* ProductCell.xib */; };
		93FC745E2597BB7900236D54 /* MapViewController.swift in Sources */ = {isa = PBXBuildFile; fileRef = 93FC745D2597BB7900236D54 /* MapViewController.swift */; };
		9907F0F42582A53F00026DB0 /* AddListViewController.swift in Sources */ = {isa = PBXBuildFile; fileRef = 9907F0F32582A53F00026DB0 /* AddListViewController.swift */; };
		9996E88D2585121000986DB1 /* ListDetailViewController.swift in Sources */ = {isa = PBXBuildFile; fileRef = 9996E88C2585121000986DB1 /* ListDetailViewController.swift */; };
		99DE0AE825967DD3004BAFDA /* ReviewsViewController.swift in Sources */ = {isa = PBXBuildFile; fileRef = 99DE0AE725967DD3004BAFDA /* ReviewsViewController.swift */; };
		99DE0AEF25967E10004BAFDA /* ReviewTableViewCell.swift in Sources */ = {isa = PBXBuildFile; fileRef = 99DE0AED25967E10004BAFDA /* ReviewTableViewCell.swift */; };
		99DE0AF025967E10004BAFDA /* ReviewTableViewCell.xib in Resources */ = {isa = PBXBuildFile; fileRef = 99DE0AEE25967E10004BAFDA /* ReviewTableViewCell.xib */; };
		99F3379D256ADD460095105F /* ProfileViewController.swift in Sources */ = {isa = PBXBuildFile; fileRef = 99F3379C256ADD460095105F /* ProfileViewController.swift */; };
		99F6E84D257EBDBB0045C7BD /* ListCell.swift in Sources */ = {isa = PBXBuildFile; fileRef = 99F6E848257EBDBB0045C7BD /* ListCell.swift */; };
		99F6E84E257EBDBB0045C7BD /* ListCell.xib in Resources */ = {isa = PBXBuildFile; fileRef = 99F6E849257EBDBB0045C7BD /* ListCell.xib */; };
		C81F3F53A413BAA1CEC2BE54 /* Pods_Bazaar_iOS_Bazaar_iOSUITests.framework in Frameworks */ = {isa = PBXBuildFile; fileRef = 7CCA62DF56EEA5170A37DD4F /* Pods_Bazaar_iOS_Bazaar_iOSUITests.framework */; };
		C905631B37795D0BFA6BC1F4 /* Pods_Bazaar_iOS.framework in Frameworks */ = {isa = PBXBuildFile; fileRef = D147AB84EB93AF832C6CC59A /* Pods_Bazaar_iOS.framework */; };
		FCE56DDA25855C5800A119FA /* SubCategoryCell.swift in Sources */ = {isa = PBXBuildFile; fileRef = FCE56DD825855C5800A119FA /* SubCategoryCell.swift */; };
		FCE56DDB25855C5800A119FA /* SubCategoryCell.xib in Resources */ = {isa = PBXBuildFile; fileRef = FCE56DD925855C5800A119FA /* SubCategoryCell.xib */; };
/* End PBXBuildFile section */

/* Begin PBXContainerItemProxy section */
		93EE3CB92558822700B504DF /* PBXContainerItemProxy */ = {
			isa = PBXContainerItemProxy;
			containerPortal = 93EE3C972558822500B504DF /* Project object */;
			proxyType = 1;
			remoteGlobalIDString = 93EE3C9E2558822500B504DF;
			remoteInfo = "Bazaar-iOS";
		};
		93EE3CC42558822700B504DF /* PBXContainerItemProxy */ = {
			isa = PBXContainerItemProxy;
			containerPortal = 93EE3C972558822500B504DF /* Project object */;
			proxyType = 1;
			remoteGlobalIDString = 93EE3C9E2558822500B504DF;
			remoteInfo = "Bazaar-iOS";
		};
/* End PBXContainerItemProxy section */

/* Begin PBXFileReference section */
		3FA7F490455E3D35641E5D4D /* Pods-Bazaar-iOSTests.release.xcconfig */ = {isa = PBXFileReference; includeInIndex = 1; lastKnownFileType = text.xcconfig; name = "Pods-Bazaar-iOSTests.release.xcconfig"; path = "Target Support Files/Pods-Bazaar-iOSTests/Pods-Bazaar-iOSTests.release.xcconfig"; sourceTree = "<group>"; };
		6034087162F858F015005C28 /* Pods-Bazaar-iOS.release.xcconfig */ = {isa = PBXFileReference; includeInIndex = 1; lastKnownFileType = text.xcconfig; name = "Pods-Bazaar-iOS.release.xcconfig"; path = "Target Support Files/Pods-Bazaar-iOS/Pods-Bazaar-iOS.release.xcconfig"; sourceTree = "<group>"; };
		6917C9C1259696E700BCA7B8 /* FilterViewController.swift */ = {isa = PBXFileReference; lastKnownFileType = sourcecode.swift; path = FilterViewController.swift; sourceTree = "<group>"; };
		6929E5F0257F8576008F32D3 /* SearchHistoryTableViewCell.swift */ = {isa = PBXFileReference; lastKnownFileType = sourcecode.swift; path = SearchHistoryTableViewCell.swift; sourceTree = "<group>"; };
		6929E5F3257FD4FD008F32D3 /* StarRatingStackView.xib */ = {isa = PBXFileReference; fileEncoding = 4; lastKnownFileType = file.xib; path = StarRatingStackView.xib; sourceTree = "<group>"; };
		6929E5F4257FD4FD008F32D3 /* StarRatingStackView.swift */ = {isa = PBXFileReference; fileEncoding = 4; lastKnownFileType = sourcecode.swift; path = StarRatingStackView.swift; sourceTree = "<group>"; };
		6929E5F5257FD4FE008F32D3 /* StarRatingView.swift */ = {isa = PBXFileReference; fileEncoding = 4; lastKnownFileType = sourcecode.swift; path = StarRatingView.swift; sourceTree = "<group>"; };
		6949C90F257D8F5B00175AC5 /* SearchResultsViewController.swift */ = {isa = PBXFileReference; lastKnownFileType = sourcecode.swift; path = SearchResultsViewController.swift; sourceTree = "<group>"; };
		696B5E1F258E988800CF1FB8 /* CartTableViewCell.swift */ = {isa = PBXFileReference; lastKnownFileType = sourcecode.swift; path = CartTableViewCell.swift; sourceTree = "<group>"; };
		696B5E20258E988800CF1FB8 /* CartTableViewCell.xib */ = {isa = PBXFileReference; lastKnownFileType = file.xib; path = CartTableViewCell.xib; sourceTree = "<group>"; };
		6994EACB255DA3D400AC48F6 /* MainTabBarController.swift */ = {isa = PBXFileReference; lastKnownFileType = sourcecode.swift; path = MainTabBarController.swift; sourceTree = "<group>"; };
		6994EACC255DA3D400AC48F6 /* MainTabBarController.xib */ = {isa = PBXFileReference; lastKnownFileType = file.xib; path = MainTabBarController.xib; sourceTree = "<group>"; };
		6994EACF255DB7BC00AC48F6 /* WishlistViewController.swift */ = {isa = PBXFileReference; lastKnownFileType = sourcecode.swift; name = WishlistViewController.swift; path = "Bazaar-iOS/Controller/WishlistViewController.swift"; sourceTree = SOURCE_ROOT; };
		6994EAD1255DB9F500AC48F6 /* CategoriesViewController.swift */ = {isa = PBXFileReference; lastKnownFileType = sourcecode.swift; name = CategoriesViewController.swift; path = "Bazaar-iOS/Controller/CategoriesViewController.swift"; sourceTree = SOURCE_ROOT; };
		6994EAD5255DBF4A00AC48F6 /* MyCartViewController.swift */ = {isa = PBXFileReference; lastKnownFileType = sourcecode.swift; name = MyCartViewController.swift; path = "Bazaar-iOS/Controller/MyCartViewController.swift"; sourceTree = SOURCE_ROOT; };
		6994EAE12566F8D300AC48F6 /* Product.swift */ = {isa = PBXFileReference; lastKnownFileType = sourcecode.swift; path = Product.swift; sourceTree = "<group>"; };
		7C5A2609DB6D947357D3EE51 /* Pods-Bazaar-iOS-Bazaar-iOSUITests.release.xcconfig */ = {isa = PBXFileReference; includeInIndex = 1; lastKnownFileType = text.xcconfig; name = "Pods-Bazaar-iOS-Bazaar-iOSUITests.release.xcconfig"; path = "Target Support Files/Pods-Bazaar-iOS-Bazaar-iOSUITests/Pods-Bazaar-iOS-Bazaar-iOSUITests.release.xcconfig"; sourceTree = "<group>"; };
		7CCA62DF56EEA5170A37DD4F /* Pods_Bazaar_iOS_Bazaar_iOSUITests.framework */ = {isa = PBXFileReference; explicitFileType = wrapper.framework; includeInIndex = 0; path = Pods_Bazaar_iOS_Bazaar_iOSUITests.framework; sourceTree = BUILT_PRODUCTS_DIR; };
		930C1F9F256C08E20086E1DC /* URLRequestBuilder.swift */ = {isa = PBXFileReference; lastKnownFileType = sourcecode.swift; path = URLRequestBuilder.swift; sourceTree = "<group>"; };
		930C1FA5256C09FC0086E1DC /* ApiRouter.swift */ = {isa = PBXFileReference; lastKnownFileType = sourcecode.swift; path = ApiRouter.swift; sourceTree = "<group>"; };
		930C1FAE256C0D9D0086E1DC /* APIDatas.swift */ = {isa = PBXFileReference; lastKnownFileType = sourcecode.swift; path = APIDatas.swift; sourceTree = "<group>"; };
		930C1FB3256C12A00086E1DC /* APIParse.swift */ = {isa = PBXFileReference; lastKnownFileType = sourcecode.swift; path = APIParse.swift; sourceTree = "<group>"; };
		9333667B25794FDB0010E82F /* Constants.swift */ = {isa = PBXFileReference; lastKnownFileType = sourcecode.swift; path = Constants.swift; sourceTree = "<group>"; };
		9377BEB325AD0D7100AE8CC2 /* VendorProfileViewController.swift */ = {isa = PBXFileReference; lastKnownFileType = sourcecode.swift; path = VendorProfileViewController.swift; sourceTree = "<group>"; };
		9377BEB825AD0D8600AE8CC2 /* VendorMyOrdersViewController.swift */ = {isa = PBXFileReference; lastKnownFileType = sourcecode.swift; path = VendorMyOrdersViewController.swift; sourceTree = "<group>"; };
		9377BEBD25AD0DA300AE8CC2 /* VendorMyProductsViewController.swift */ = {isa = PBXFileReference; lastKnownFileType = sourcecode.swift; path = VendorMyProductsViewController.swift; sourceTree = "<group>"; };
		938A1550256AD19100572844 /* CategoryCollectionViewCell.swift */ = {isa = PBXFileReference; lastKnownFileType = sourcecode.swift; path = CategoryCollectionViewCell.swift; sourceTree = "<group>"; };
		938A1551256AD19100572844 /* CategoryCollectionViewCell.xib */ = {isa = PBXFileReference; lastKnownFileType = file.xib; path = CategoryCollectionViewCell.xib; sourceTree = "<group>"; };
		939AB4F725694B76007815C8 /* StringHelper.swift */ = {isa = PBXFileReference; lastKnownFileType = sourcecode.swift; path = StringHelper.swift; sourceTree = "<group>"; };
		93C2D068257FE419007C5750 /* credentials.plist */ = {isa = PBXFileReference; fileEncoding = 4; lastKnownFileType = text.plist.xml; path = credentials.plist; sourceTree = "<group>"; };
		93D91AC525867A3B007B238C /* MyAccountViewController.swift */ = {isa = PBXFileReference; lastKnownFileType = sourcecode.swift; name = MyAccountViewController.swift; path = "Bazaar-iOS/MyAccountViewController.swift"; sourceTree = SOURCE_ROOT; };
		93E99DD72577E8CC00BCFDAD /* LoginViewController.swift */ = {isa = PBXFileReference; fileEncoding = 4; lastKnownFileType = sourcecode.swift; path = LoginViewController.swift; sourceTree = "<group>"; };
		93E99DD82577E8CC00BCFDAD /* SignUpViewController.swift */ = {isa = PBXFileReference; fileEncoding = 4; lastKnownFileType = sourcecode.swift; path = SignUpViewController.swift; sourceTree = "<group>"; };
		93E99DDE2577E91B00BCFDAD /* RadioButton.swift */ = {isa = PBXFileReference; fileEncoding = 4; lastKnownFileType = sourcecode.swift; path = RadioButton.swift; sourceTree = "<group>"; };
		93E99DE32577E93300BCFDAD /* APIManager.swift */ = {isa = PBXFileReference; fileEncoding = 4; lastKnownFileType = sourcecode.swift; path = APIManager.swift; sourceTree = "<group>"; };
		93E99DE82577F3F700BCFDAD /* ProductDetailViewController.swift */ = {isa = PBXFileReference; lastKnownFileType = sourcecode.swift; name = ProductDetailViewController.swift; path = "Bazaar-iOS/ProductDetailViewController.swift"; sourceTree = SOURCE_ROOT; };
		93EE3C9F2558822500B504DF /* Bazaar-iOS.app */ = {isa = PBXFileReference; explicitFileType = wrapper.application; includeInIndex = 0; path = "Bazaar-iOS.app"; sourceTree = BUILT_PRODUCTS_DIR; };
		93EE3CA22558822500B504DF /* AppDelegate.swift */ = {isa = PBXFileReference; lastKnownFileType = sourcecode.swift; path = AppDelegate.swift; sourceTree = "<group>"; };
		93EE3CA42558822500B504DF /* SceneDelegate.swift */ = {isa = PBXFileReference; lastKnownFileType = sourcecode.swift; path = SceneDelegate.swift; sourceTree = "<group>"; };
		93EE3CA62558822500B504DF /* MainViewController.swift */ = {isa = PBXFileReference; lastKnownFileType = sourcecode.swift; path = MainViewController.swift; sourceTree = "<group>"; };
		93EE3CA92558822500B504DF /* Base */ = {isa = PBXFileReference; lastKnownFileType = file.storyboard; name = Base; path = Base.lproj/Main.storyboard; sourceTree = "<group>"; };
		93EE3CAC2558822500B504DF /* Bazaar_iOS.xcdatamodel */ = {isa = PBXFileReference; lastKnownFileType = wrapper.xcdatamodel; path = Bazaar_iOS.xcdatamodel; sourceTree = "<group>"; };
		93EE3CAE2558822700B504DF /* Assets.xcassets */ = {isa = PBXFileReference; lastKnownFileType = folder.assetcatalog; path = Assets.xcassets; sourceTree = "<group>"; };
		93EE3CB12558822700B504DF /* Base */ = {isa = PBXFileReference; lastKnownFileType = file.storyboard; name = Base; path = Base.lproj/LaunchScreen.storyboard; sourceTree = "<group>"; };
		93EE3CB32558822700B504DF /* Info.plist */ = {isa = PBXFileReference; lastKnownFileType = text.plist.xml; path = Info.plist; sourceTree = "<group>"; };
		93EE3CB82558822700B504DF /* Bazaar-iOSTests.xctest */ = {isa = PBXFileReference; explicitFileType = wrapper.cfbundle; includeInIndex = 0; path = "Bazaar-iOSTests.xctest"; sourceTree = BUILT_PRODUCTS_DIR; };
		93EE3CBC2558822700B504DF /* Bazaar_iOSTests.swift */ = {isa = PBXFileReference; lastKnownFileType = sourcecode.swift; path = Bazaar_iOSTests.swift; sourceTree = "<group>"; };
		93EE3CBE2558822700B504DF /* Info.plist */ = {isa = PBXFileReference; lastKnownFileType = text.plist.xml; path = Info.plist; sourceTree = "<group>"; };
		93EE3CC32558822700B504DF /* Bazaar-iOSUITests.xctest */ = {isa = PBXFileReference; explicitFileType = wrapper.cfbundle; includeInIndex = 0; path = "Bazaar-iOSUITests.xctest"; sourceTree = BUILT_PRODUCTS_DIR; };
		93EE3CC72558822700B504DF /* Bazaar_iOSUITests.swift */ = {isa = PBXFileReference; lastKnownFileType = sourcecode.swift; path = Bazaar_iOSUITests.swift; sourceTree = "<group>"; };
		93EE3CC92558822700B504DF /* Info.plist */ = {isa = PBXFileReference; lastKnownFileType = text.plist.xml; path = Info.plist; sourceTree = "<group>"; };
		93EE3CD825594A6800B504DF /* ProductCell.swift */ = {isa = PBXFileReference; lastKnownFileType = sourcecode.swift; path = ProductCell.swift; sourceTree = "<group>"; };
		93EE3CD925594A6800B504DF /* ProductCell.xib */ = {isa = PBXFileReference; lastKnownFileType = file.xib; path = ProductCell.xib; sourceTree = "<group>"; };
		93FC745D2597BB7900236D54 /* MapViewController.swift */ = {isa = PBXFileReference; lastKnownFileType = sourcecode.swift; name = MapViewController.swift; path = "Bazaar-iOS/MapViewController.swift"; sourceTree = SOURCE_ROOT; };
		9907F0F32582A53F00026DB0 /* AddListViewController.swift */ = {isa = PBXFileReference; lastKnownFileType = sourcecode.swift; path = AddListViewController.swift; sourceTree = "<group>"; };
		9996E88C2585121000986DB1 /* ListDetailViewController.swift */ = {isa = PBXFileReference; lastKnownFileType = sourcecode.swift; path = ListDetailViewController.swift; sourceTree = "<group>"; };
		99DE0AE725967DD3004BAFDA /* ReviewsViewController.swift */ = {isa = PBXFileReference; lastKnownFileType = sourcecode.swift; path = ReviewsViewController.swift; sourceTree = "<group>"; };
		99DE0AED25967E10004BAFDA /* ReviewTableViewCell.swift */ = {isa = PBXFileReference; lastKnownFileType = sourcecode.swift; path = ReviewTableViewCell.swift; sourceTree = "<group>"; };
		99DE0AEE25967E10004BAFDA /* ReviewTableViewCell.xib */ = {isa = PBXFileReference; lastKnownFileType = file.xib; path = ReviewTableViewCell.xib; sourceTree = "<group>"; };
		99F3379C256ADD460095105F /* ProfileViewController.swift */ = {isa = PBXFileReference; lastKnownFileType = sourcecode.swift; path = ProfileViewController.swift; sourceTree = "<group>"; };
		99F6E848257EBDBB0045C7BD /* ListCell.swift */ = {isa = PBXFileReference; fileEncoding = 4; lastKnownFileType = sourcecode.swift; path = ListCell.swift; sourceTree = "<group>"; };
		99F6E849257EBDBB0045C7BD /* ListCell.xib */ = {isa = PBXFileReference; fileEncoding = 4; lastKnownFileType = file.xib; path = ListCell.xib; sourceTree = "<group>"; };
		A85CF019F70A791D259865C3 /* Pods-Bazaar-iOSTests.debug.xcconfig */ = {isa = PBXFileReference; includeInIndex = 1; lastKnownFileType = text.xcconfig; name = "Pods-Bazaar-iOSTests.debug.xcconfig"; path = "Target Support Files/Pods-Bazaar-iOSTests/Pods-Bazaar-iOSTests.debug.xcconfig"; sourceTree = "<group>"; };
		AFCE404E29F7D49B363A2C8E /* Pods_Bazaar_iOSTests.framework */ = {isa = PBXFileReference; explicitFileType = wrapper.framework; includeInIndex = 0; path = Pods_Bazaar_iOSTests.framework; sourceTree = BUILT_PRODUCTS_DIR; };
		C2CE009AFB6282C4354EBE10 /* Pods-Bazaar-iOS-Bazaar-iOSUITests.debug.xcconfig */ = {isa = PBXFileReference; includeInIndex = 1; lastKnownFileType = text.xcconfig; name = "Pods-Bazaar-iOS-Bazaar-iOSUITests.debug.xcconfig"; path = "Target Support Files/Pods-Bazaar-iOS-Bazaar-iOSUITests/Pods-Bazaar-iOS-Bazaar-iOSUITests.debug.xcconfig"; sourceTree = "<group>"; };
		D147AB84EB93AF832C6CC59A /* Pods_Bazaar_iOS.framework */ = {isa = PBXFileReference; explicitFileType = wrapper.framework; includeInIndex = 0; path = Pods_Bazaar_iOS.framework; sourceTree = BUILT_PRODUCTS_DIR; };
		E1954329F55FC30FDF3065EB /* Pods-Bazaar-iOS.debug.xcconfig */ = {isa = PBXFileReference; includeInIndex = 1; lastKnownFileType = text.xcconfig; name = "Pods-Bazaar-iOS.debug.xcconfig"; path = "Target Support Files/Pods-Bazaar-iOS/Pods-Bazaar-iOS.debug.xcconfig"; sourceTree = "<group>"; };
		FCE56DD825855C5800A119FA /* SubCategoryCell.swift */ = {isa = PBXFileReference; lastKnownFileType = sourcecode.swift; path = SubCategoryCell.swift; sourceTree = "<group>"; };
		FCE56DD925855C5800A119FA /* SubCategoryCell.xib */ = {isa = PBXFileReference; lastKnownFileType = file.xib; path = SubCategoryCell.xib; sourceTree = "<group>"; };
/* End PBXFileReference section */

/* Begin PBXFrameworksBuildPhase section */
		93EE3C9C2558822500B504DF /* Frameworks */ = {
			isa = PBXFrameworksBuildPhase;
			buildActionMask = 2147483647;
			files = (
				930C1FC6256C140B0086E1DC /* Alamofire in Frameworks */,
				C905631B37795D0BFA6BC1F4 /* Pods_Bazaar_iOS.framework in Frameworks */,
			);
			runOnlyForDeploymentPostprocessing = 0;
		};
		93EE3CB52558822700B504DF /* Frameworks */ = {
			isa = PBXFrameworksBuildPhase;
			buildActionMask = 2147483647;
			files = (
				672B838DC4092779EF8A1059 /* Pods_Bazaar_iOSTests.framework in Frameworks */,
			);
			runOnlyForDeploymentPostprocessing = 0;
		};
		93EE3CC02558822700B504DF /* Frameworks */ = {
			isa = PBXFrameworksBuildPhase;
			buildActionMask = 2147483647;
			files = (
				C81F3F53A413BAA1CEC2BE54 /* Pods_Bazaar_iOS_Bazaar_iOSUITests.framework in Frameworks */,
			);
			runOnlyForDeploymentPostprocessing = 0;
		};
/* End PBXFrameworksBuildPhase section */

/* Begin PBXGroup section */
		5CCDE0A3E55F37986CEE8AF9 /* Frameworks */ = {
			isa = PBXGroup;
			children = (
				D147AB84EB93AF832C6CC59A /* Pods_Bazaar_iOS.framework */,
				7CCA62DF56EEA5170A37DD4F /* Pods_Bazaar_iOS_Bazaar_iOSUITests.framework */,
				AFCE404E29F7D49B363A2C8E /* Pods_Bazaar_iOSTests.framework */,
			);
			name = Frameworks;
			sourceTree = "<group>";
		};
		62E71D7045E70866081EA110 /* Pods */ = {
			isa = PBXGroup;
			children = (
				E1954329F55FC30FDF3065EB /* Pods-Bazaar-iOS.debug.xcconfig */,
				6034087162F858F015005C28 /* Pods-Bazaar-iOS.release.xcconfig */,
				C2CE009AFB6282C4354EBE10 /* Pods-Bazaar-iOS-Bazaar-iOSUITests.debug.xcconfig */,
				7C5A2609DB6D947357D3EE51 /* Pods-Bazaar-iOS-Bazaar-iOSUITests.release.xcconfig */,
				A85CF019F70A791D259865C3 /* Pods-Bazaar-iOSTests.debug.xcconfig */,
				3FA7F490455E3D35641E5D4D /* Pods-Bazaar-iOSTests.release.xcconfig */,
			);
			path = Pods;
			sourceTree = "<group>";
		};
		6929E5EF257F8562008F32D3 /* Search History Cell */ = {
			isa = PBXGroup;
			children = (
				6929E5F0257F8576008F32D3 /* SearchHistoryTableViewCell.swift */,
			);
			path = "Search History Cell";
			sourceTree = "<group>";
		};
		6929E5F2257FD443008F32D3 /* Star Rating */ = {
			isa = PBXGroup;
			children = (
				6929E5F4257FD4FD008F32D3 /* StarRatingStackView.swift */,
				6929E5F3257FD4FD008F32D3 /* StarRatingStackView.xib */,
				6929E5F5257FD4FE008F32D3 /* StarRatingView.swift */,
			);
			path = "Star Rating";
			sourceTree = "<group>";
		};
		696B5E1E258E987000CF1FB8 /* Cart Cell */ = {
			isa = PBXGroup;
			children = (
				696B5E1F258E988800CF1FB8 /* CartTableViewCell.swift */,
				696B5E20258E988800CF1FB8 /* CartTableViewCell.xib */,
			);
			path = "Cart Cell";
			sourceTree = "<group>";
		};
		6994EAC9255DA38000AC48F6 /* Main Tab Bar */ = {
			isa = PBXGroup;
			children = (
				6994EACB255DA3D400AC48F6 /* MainTabBarController.swift */,
				6994EACC255DA3D400AC48F6 /* MainTabBarController.xib */,
			);
			path = "Main Tab Bar";
			sourceTree = "<group>";
		};
		6994EACA255DA3A200AC48F6 /* Product Cell */ = {
			isa = PBXGroup;
			children = (
				93EE3CD825594A6800B504DF /* ProductCell.swift */,
				93EE3CD925594A6800B504DF /* ProductCell.xib */,
			);
			path = "Product Cell";
			sourceTree = "<group>";
		};
		6994EAD72566996700AC48F6 /* Categories Collection View Cell */ = {
			isa = PBXGroup;
			children = (
				938A1550256AD19100572844 /* CategoryCollectionViewCell.swift */,
				938A1551256AD19100572844 /* CategoryCollectionViewCell.xib */,
			);
			path = "Categories Collection View Cell";
			sourceTree = "<group>";
		};
		6994EAE02566F8BF00AC48F6 /* Product */ = {
			isa = PBXGroup;
			children = (
				6994EAE12566F8D300AC48F6 /* Product.swift */,
			);
			path = Product;
			sourceTree = "<group>";
		};
		930C1FA4256C08E80086E1DC /* Model */ = {
			isa = PBXGroup;
			children = (
				93E99DE32577E93300BCFDAD /* APIManager.swift */,
				930C1FAA256C0B030086E1DC /* Requests */,
				930C1FB8256C12AB0086E1DC /* Parse Data */,
			);
			path = Model;
			sourceTree = "<group>";
		};
		930C1FAA256C0B030086E1DC /* Requests */ = {
			isa = PBXGroup;
			children = (
				930C1F9F256C08E20086E1DC /* URLRequestBuilder.swift */,
				930C1FA5256C09FC0086E1DC /* ApiRouter.swift */,
			);
			path = Requests;
			sourceTree = "<group>";
		};
		930C1FB8256C12AB0086E1DC /* Parse Data */ = {
			isa = PBXGroup;
			children = (
				930C1FAE256C0D9D0086E1DC /* APIDatas.swift */,
				930C1FB3256C12A00086E1DC /* APIParse.swift */,
			);
			path = "Parse Data";
			sourceTree = "<group>";
		};
		939AB4FC25694B7E007815C8 /* Helper */ = {
			isa = PBXGroup;
			children = (
				939AB4F725694B76007815C8 /* StringHelper.swift */,
				93E99DDE2577E91B00BCFDAD /* RadioButton.swift */,
				9333667B25794FDB0010E82F /* Constants.swift */,
			);
			path = Helper;
			sourceTree = "<group>";
		};
		93EE3C962558822500B504DF = {
			isa = PBXGroup;
			children = (
				93EE3CA12558822500B504DF /* Bazaar-iOS */,
				93EE3CBB2558822700B504DF /* Bazaar-iOSTests */,
				93EE3CC62558822700B504DF /* Bazaar-iOSUITests */,
				93EE3CA02558822500B504DF /* Products */,
				62E71D7045E70866081EA110 /* Pods */,
				5CCDE0A3E55F37986CEE8AF9 /* Frameworks */,
			);
			sourceTree = "<group>";
		};
		93EE3CA02558822500B504DF /* Products */ = {
			isa = PBXGroup;
			children = (
				93EE3C9F2558822500B504DF /* Bazaar-iOS.app */,
				93EE3CB82558822700B504DF /* Bazaar-iOSTests.xctest */,
				93EE3CC32558822700B504DF /* Bazaar-iOSUITests.xctest */,
			);
			name = Products;
			sourceTree = "<group>";
		};
		93EE3CA12558822500B504DF /* Bazaar-iOS */ = {
			isa = PBXGroup;
			children = (
				939AB4FC25694B7E007815C8 /* Helper */,
				6994EAE02566F8BF00AC48F6 /* Product */,
				930C1FA4256C08E80086E1DC /* Model */,
				93EE3CDF25594A9400B504DF /* View */,
				93EE3CE325594A9D00B504DF /* Controller */,
				93EE3CA22558822500B504DF /* AppDelegate.swift */,
				93EE3CA42558822500B504DF /* SceneDelegate.swift */,
				93EE3CA82558822500B504DF /* Main.storyboard */,
				93EE3CAE2558822700B504DF /* Assets.xcassets */,
				93EE3CB02558822700B504DF /* LaunchScreen.storyboard */,
				93C2D068257FE419007C5750 /* credentials.plist */,
				93EE3CB32558822700B504DF /* Info.plist */,
				93EE3CAB2558822500B504DF /* Bazaar_iOS.xcdatamodeld */,
			);
			path = "Bazaar-iOS";
			sourceTree = "<group>";
		};
		93EE3CBB2558822700B504DF /* Bazaar-iOSTests */ = {
			isa = PBXGroup;
			children = (
				93EE3CBC2558822700B504DF /* Bazaar_iOSTests.swift */,
				93EE3CBE2558822700B504DF /* Info.plist */,
			);
			path = "Bazaar-iOSTests";
			sourceTree = "<group>";
		};
		93EE3CC62558822700B504DF /* Bazaar-iOSUITests */ = {
			isa = PBXGroup;
			children = (
				93EE3CC72558822700B504DF /* Bazaar_iOSUITests.swift */,
				93EE3CC92558822700B504DF /* Info.plist */,
			);
			path = "Bazaar-iOSUITests";
			sourceTree = "<group>";
		};
		93EE3CDF25594A9400B504DF /* View */ = {
			isa = PBXGroup;
			children = (
				99DE0AEC25967DE3004BAFDA /* Review Cell */,
				696B5E1E258E987000CF1FB8 /* Cart Cell */,
				FCE56DD725855C0E00A119FA /* Subcategory */,
				6929E5F2257FD443008F32D3 /* Star Rating */,
				6929E5EF257F8562008F32D3 /* Search History Cell */,
				99F6E847257EBDBB0045C7BD /* List Cell */,
				6994EAD72566996700AC48F6 /* Categories Collection View Cell */,
				6994EAC9255DA38000AC48F6 /* Main Tab Bar */,
				6994EACA255DA3A200AC48F6 /* Product Cell */,
			);
			path = View;
			sourceTree = "<group>";
		};
		93EE3CE325594A9D00B504DF /* Controller */ = {
			isa = PBXGroup;
			children = (
				93FC745D2597BB7900236D54 /* MapViewController.swift */,
				93D91AC525867A3B007B238C /* MyAccountViewController.swift */,
				93E99DE82577F3F700BCFDAD /* ProductDetailViewController.swift */,
				99F3379C256ADD460095105F /* ProfileViewController.swift */,
				93E99DD72577E8CC00BCFDAD /* LoginViewController.swift */,
				93E99DD82577E8CC00BCFDAD /* SignUpViewController.swift */,
				93EE3CA62558822500B504DF /* MainViewController.swift */,
				6994EACF255DB7BC00AC48F6 /* WishlistViewController.swift */,
				6994EAD1255DB9F500AC48F6 /* CategoriesViewController.swift */,
				6994EAD5255DBF4A00AC48F6 /* MyCartViewController.swift */,
				6949C90F257D8F5B00175AC5 /* SearchResultsViewController.swift */,
				9907F0F32582A53F00026DB0 /* AddListViewController.swift */,
				9996E88C2585121000986DB1 /* ListDetailViewController.swift */,
				99DE0AE725967DD3004BAFDA /* ReviewsViewController.swift */,
				6917C9C1259696E700BCA7B8 /* FilterViewController.swift */,
				9377BEB325AD0D7100AE8CC2 /* VendorProfileViewController.swift */,
				9377BEB825AD0D8600AE8CC2 /* VendorMyOrdersViewController.swift */,
				9377BEBD25AD0DA300AE8CC2 /* VendorMyProductsViewController.swift */,
			);
			path = Controller;
			sourceTree = "<group>";
		};
		99DE0AEC25967DE3004BAFDA /* Review Cell */ = {
			isa = PBXGroup;
			children = (
				99DE0AED25967E10004BAFDA /* ReviewTableViewCell.swift */,
				99DE0AEE25967E10004BAFDA /* ReviewTableViewCell.xib */,
			);
			path = "Review Cell";
			sourceTree = "<group>";
		};
		99F6E847257EBDBB0045C7BD /* List Cell */ = {
			isa = PBXGroup;
			children = (
				99F6E848257EBDBB0045C7BD /* ListCell.swift */,
				99F6E849257EBDBB0045C7BD /* ListCell.xib */,
			);
			path = "List Cell";
			sourceTree = "<group>";
		};
		FCE56DD725855C0E00A119FA /* Subcategory */ = {
			isa = PBXGroup;
			children = (
				FCE56DD825855C5800A119FA /* SubCategoryCell.swift */,
				FCE56DD925855C5800A119FA /* SubCategoryCell.xib */,
			);
			path = Subcategory;
			sourceTree = "<group>";
		};
/* End PBXGroup section */

/* Begin PBXNativeTarget section */
		93EE3C9E2558822500B504DF /* Bazaar-iOS */ = {
			isa = PBXNativeTarget;
			buildConfigurationList = 93EE3CCC2558822700B504DF /* Build configuration list for PBXNativeTarget "Bazaar-iOS" */;
			buildPhases = (
				E4BA753D8561C20437E5DCD8 /* [CP] Check Pods Manifest.lock */,
				93EE3C9B2558822500B504DF /* Sources */,
				93EE3C9C2558822500B504DF /* Frameworks */,
				93EE3C9D2558822500B504DF /* Resources */,
				6EDC16AB10CAC126FCAEB19E /* [CP] Embed Pods Frameworks */,
				C7577933BB3104E7CD0470E2 /* [CP] Copy Pods Resources */,
			);
			buildRules = (
			);
			dependencies = (
			);
			name = "Bazaar-iOS";
			packageProductDependencies = (
				930C1FC5256C140B0086E1DC /* Alamofire */,
			);
			productName = "Bazaar-iOS";
			productReference = 93EE3C9F2558822500B504DF /* Bazaar-iOS.app */;
			productType = "com.apple.product-type.application";
		};
		93EE3CB72558822700B504DF /* Bazaar-iOSTests */ = {
			isa = PBXNativeTarget;
			buildConfigurationList = 93EE3CCF2558822700B504DF /* Build configuration list for PBXNativeTarget "Bazaar-iOSTests" */;
			buildPhases = (
				592575AEDD5D75B86DDFD6EB /* [CP] Check Pods Manifest.lock */,
				93EE3CB42558822700B504DF /* Sources */,
				93EE3CB52558822700B504DF /* Frameworks */,
				93EE3CB62558822700B504DF /* Resources */,
			);
			buildRules = (
			);
			dependencies = (
				93EE3CBA2558822700B504DF /* PBXTargetDependency */,
			);
			name = "Bazaar-iOSTests";
			productName = "Bazaar-iOSTests";
			productReference = 93EE3CB82558822700B504DF /* Bazaar-iOSTests.xctest */;
			productType = "com.apple.product-type.bundle.unit-test";
		};
		93EE3CC22558822700B504DF /* Bazaar-iOSUITests */ = {
			isa = PBXNativeTarget;
			buildConfigurationList = 93EE3CD22558822700B504DF /* Build configuration list for PBXNativeTarget "Bazaar-iOSUITests" */;
			buildPhases = (
				728871AE6B373247EB0219D4 /* [CP] Check Pods Manifest.lock */,
				93EE3CBF2558822700B504DF /* Sources */,
				93EE3CC02558822700B504DF /* Frameworks */,
				93EE3CC12558822700B504DF /* Resources */,
				1C839E2A7651B380D1C29DCA /* [CP] Embed Pods Frameworks */,
				A523CF816381A38234BB0346 /* [CP] Copy Pods Resources */,
			);
			buildRules = (
			);
			dependencies = (
				93EE3CC52558822700B504DF /* PBXTargetDependency */,
			);
			name = "Bazaar-iOSUITests";
			productName = "Bazaar-iOSUITests";
			productReference = 93EE3CC32558822700B504DF /* Bazaar-iOSUITests.xctest */;
			productType = "com.apple.product-type.bundle.ui-testing";
		};
/* End PBXNativeTarget section */

/* Begin PBXProject section */
		93EE3C972558822500B504DF /* Project object */ = {
			isa = PBXProject;
			attributes = {
				LastSwiftUpdateCheck = 1210;
				LastUpgradeCheck = 1210;
				TargetAttributes = {
					93EE3C9E2558822500B504DF = {
						CreatedOnToolsVersion = 12.1;
					};
					93EE3CB72558822700B504DF = {
						CreatedOnToolsVersion = 12.1;
						TestTargetID = 93EE3C9E2558822500B504DF;
					};
					93EE3CC22558822700B504DF = {
						CreatedOnToolsVersion = 12.1;
						TestTargetID = 93EE3C9E2558822500B504DF;
					};
				};
			};
			buildConfigurationList = 93EE3C9A2558822500B504DF /* Build configuration list for PBXProject "Bazaar-iOS" */;
			compatibilityVersion = "Xcode 9.3";
			developmentRegion = en;
			hasScannedForEncodings = 0;
			knownRegions = (
				en,
				Base,
			);
			mainGroup = 93EE3C962558822500B504DF;
			packageReferences = (
				930C1FC4256C140B0086E1DC /* XCRemoteSwiftPackageReference "Alamofire" */,
			);
			productRefGroup = 93EE3CA02558822500B504DF /* Products */;
			projectDirPath = "";
			projectRoot = "";
			targets = (
				93EE3C9E2558822500B504DF /* Bazaar-iOS */,
				93EE3CB72558822700B504DF /* Bazaar-iOSTests */,
				93EE3CC22558822700B504DF /* Bazaar-iOSUITests */,
			);
		};
/* End PBXProject section */

/* Begin PBXResourcesBuildPhase section */
		93EE3C9D2558822500B504DF /* Resources */ = {
			isa = PBXResourcesBuildPhase;
			buildActionMask = 2147483647;
			files = (
				938A1553256AD19100572844 /* CategoryCollectionViewCell.xib in Resources */,
				93EE3CB22558822700B504DF /* LaunchScreen.storyboard in Resources */,
				93EE3CDB25594A6800B504DF /* ProductCell.xib in Resources */,
				93EE3CAF2558822700B504DF /* Assets.xcassets in Resources */,
				FCE56DDB25855C5800A119FA /* SubCategoryCell.xib in Resources */,
				93EE3CAA2558822500B504DF /* Main.storyboard in Resources */,
				6929E5F6257FD4FE008F32D3 /* StarRatingStackView.xib in Resources */,
				696B5E22258E988800CF1FB8 /* CartTableViewCell.xib in Resources */,
				93C2D069257FE419007C5750 /* credentials.plist in Resources */,
				99DE0AF025967E10004BAFDA /* ReviewTableViewCell.xib in Resources */,
				6994EACE255DA3D400AC48F6 /* MainTabBarController.xib in Resources */,
				99F6E84E257EBDBB0045C7BD /* ListCell.xib in Resources */,
			);
			runOnlyForDeploymentPostprocessing = 0;
		};
		93EE3CB62558822700B504DF /* Resources */ = {
			isa = PBXResourcesBuildPhase;
			buildActionMask = 2147483647;
			files = (
			);
			runOnlyForDeploymentPostprocessing = 0;
		};
		93EE3CC12558822700B504DF /* Resources */ = {
			isa = PBXResourcesBuildPhase;
			buildActionMask = 2147483647;
			files = (
			);
			runOnlyForDeploymentPostprocessing = 0;
		};
/* End PBXResourcesBuildPhase section */

/* Begin PBXShellScriptBuildPhase section */
		1C839E2A7651B380D1C29DCA /* [CP] Embed Pods Frameworks */ = {
			isa = PBXShellScriptBuildPhase;
			buildActionMask = 2147483647;
			files = (
			);
			inputFileListPaths = (
				"${PODS_ROOT}/Target Support Files/Pods-Bazaar-iOS-Bazaar-iOSUITests/Pods-Bazaar-iOS-Bazaar-iOSUITests-frameworks-${CONFIGURATION}-input-files.xcfilelist",
			);
			name = "[CP] Embed Pods Frameworks";
			outputFileListPaths = (
				"${PODS_ROOT}/Target Support Files/Pods-Bazaar-iOS-Bazaar-iOSUITests/Pods-Bazaar-iOS-Bazaar-iOSUITests-frameworks-${CONFIGURATION}-output-files.xcfilelist",
			);
			runOnlyForDeploymentPostprocessing = 0;
			shellPath = /bin/sh;
			shellScript = "\"${PODS_ROOT}/Target Support Files/Pods-Bazaar-iOS-Bazaar-iOSUITests/Pods-Bazaar-iOS-Bazaar-iOSUITests-frameworks.sh\"\n";
			showEnvVarsInLog = 0;
		};
		592575AEDD5D75B86DDFD6EB /* [CP] Check Pods Manifest.lock */ = {
			isa = PBXShellScriptBuildPhase;
			buildActionMask = 2147483647;
			files = (
			);
			inputFileListPaths = (
			);
			inputPaths = (
				"${PODS_PODFILE_DIR_PATH}/Podfile.lock",
				"${PODS_ROOT}/Manifest.lock",
			);
			name = "[CP] Check Pods Manifest.lock";
			outputFileListPaths = (
			);
			outputPaths = (
				"$(DERIVED_FILE_DIR)/Pods-Bazaar-iOSTests-checkManifestLockResult.txt",
			);
			runOnlyForDeploymentPostprocessing = 0;
			shellPath = /bin/sh;
			shellScript = "diff \"${PODS_PODFILE_DIR_PATH}/Podfile.lock\" \"${PODS_ROOT}/Manifest.lock\" > /dev/null\nif [ $? != 0 ] ; then\n    # print error to STDERR\n    echo \"error: The sandbox is not in sync with the Podfile.lock. Run 'pod install' or update your CocoaPods installation.\" >&2\n    exit 1\nfi\n# This output is used by Xcode 'outputs' to avoid re-running this script phase.\necho \"SUCCESS\" > \"${SCRIPT_OUTPUT_FILE_0}\"\n";
			showEnvVarsInLog = 0;
		};
		6EDC16AB10CAC126FCAEB19E /* [CP] Embed Pods Frameworks */ = {
			isa = PBXShellScriptBuildPhase;
			buildActionMask = 2147483647;
			files = (
			);
			inputFileListPaths = (
				"${PODS_ROOT}/Target Support Files/Pods-Bazaar-iOS/Pods-Bazaar-iOS-frameworks-${CONFIGURATION}-input-files.xcfilelist",
			);
			name = "[CP] Embed Pods Frameworks";
			outputFileListPaths = (
				"${PODS_ROOT}/Target Support Files/Pods-Bazaar-iOS/Pods-Bazaar-iOS-frameworks-${CONFIGURATION}-output-files.xcfilelist",
			);
			runOnlyForDeploymentPostprocessing = 0;
			shellPath = /bin/sh;
			shellScript = "\"${PODS_ROOT}/Target Support Files/Pods-Bazaar-iOS/Pods-Bazaar-iOS-frameworks.sh\"\n";
			showEnvVarsInLog = 0;
		};
		728871AE6B373247EB0219D4 /* [CP] Check Pods Manifest.lock */ = {
			isa = PBXShellScriptBuildPhase;
			buildActionMask = 2147483647;
			files = (
			);
			inputFileListPaths = (
			);
			inputPaths = (
				"${PODS_PODFILE_DIR_PATH}/Podfile.lock",
				"${PODS_ROOT}/Manifest.lock",
			);
			name = "[CP] Check Pods Manifest.lock";
			outputFileListPaths = (
			);
			outputPaths = (
				"$(DERIVED_FILE_DIR)/Pods-Bazaar-iOS-Bazaar-iOSUITests-checkManifestLockResult.txt",
			);
			runOnlyForDeploymentPostprocessing = 0;
			shellPath = /bin/sh;
			shellScript = "diff \"${PODS_PODFILE_DIR_PATH}/Podfile.lock\" \"${PODS_ROOT}/Manifest.lock\" > /dev/null\nif [ $? != 0 ] ; then\n    # print error to STDERR\n    echo \"error: The sandbox is not in sync with the Podfile.lock. Run 'pod install' or update your CocoaPods installation.\" >&2\n    exit 1\nfi\n# This output is used by Xcode 'outputs' to avoid re-running this script phase.\necho \"SUCCESS\" > \"${SCRIPT_OUTPUT_FILE_0}\"\n";
			showEnvVarsInLog = 0;
		};
		A523CF816381A38234BB0346 /* [CP] Copy Pods Resources */ = {
			isa = PBXShellScriptBuildPhase;
			buildActionMask = 2147483647;
			files = (
			);
			inputFileListPaths = (
				"${PODS_ROOT}/Target Support Files/Pods-Bazaar-iOS-Bazaar-iOSUITests/Pods-Bazaar-iOS-Bazaar-iOSUITests-resources-${CONFIGURATION}-input-files.xcfilelist",
			);
			name = "[CP] Copy Pods Resources";
			outputFileListPaths = (
				"${PODS_ROOT}/Target Support Files/Pods-Bazaar-iOS-Bazaar-iOSUITests/Pods-Bazaar-iOS-Bazaar-iOSUITests-resources-${CONFIGURATION}-output-files.xcfilelist",
			);
			runOnlyForDeploymentPostprocessing = 0;
			shellPath = /bin/sh;
			shellScript = "\"${PODS_ROOT}/Target Support Files/Pods-Bazaar-iOS-Bazaar-iOSUITests/Pods-Bazaar-iOS-Bazaar-iOSUITests-resources.sh\"\n";
			showEnvVarsInLog = 0;
		};
		C7577933BB3104E7CD0470E2 /* [CP] Copy Pods Resources */ = {
			isa = PBXShellScriptBuildPhase;
			buildActionMask = 2147483647;
			files = (
			);
			inputFileListPaths = (
				"${PODS_ROOT}/Target Support Files/Pods-Bazaar-iOS/Pods-Bazaar-iOS-resources-${CONFIGURATION}-input-files.xcfilelist",
			);
			name = "[CP] Copy Pods Resources";
			outputFileListPaths = (
				"${PODS_ROOT}/Target Support Files/Pods-Bazaar-iOS/Pods-Bazaar-iOS-resources-${CONFIGURATION}-output-files.xcfilelist",
			);
			runOnlyForDeploymentPostprocessing = 0;
			shellPath = /bin/sh;
			shellScript = "\"${PODS_ROOT}/Target Support Files/Pods-Bazaar-iOS/Pods-Bazaar-iOS-resources.sh\"\n";
			showEnvVarsInLog = 0;
		};
		E4BA753D8561C20437E5DCD8 /* [CP] Check Pods Manifest.lock */ = {
			isa = PBXShellScriptBuildPhase;
			buildActionMask = 2147483647;
			files = (
			);
			inputFileListPaths = (
			);
			inputPaths = (
				"${PODS_PODFILE_DIR_PATH}/Podfile.lock",
				"${PODS_ROOT}/Manifest.lock",
			);
			name = "[CP] Check Pods Manifest.lock";
			outputFileListPaths = (
			);
			outputPaths = (
				"$(DERIVED_FILE_DIR)/Pods-Bazaar-iOS-checkManifestLockResult.txt",
			);
			runOnlyForDeploymentPostprocessing = 0;
			shellPath = /bin/sh;
			shellScript = "diff \"${PODS_PODFILE_DIR_PATH}/Podfile.lock\" \"${PODS_ROOT}/Manifest.lock\" > /dev/null\nif [ $? != 0 ] ; then\n    # print error to STDERR\n    echo \"error: The sandbox is not in sync with the Podfile.lock. Run 'pod install' or update your CocoaPods installation.\" >&2\n    exit 1\nfi\n# This output is used by Xcode 'outputs' to avoid re-running this script phase.\necho \"SUCCESS\" > \"${SCRIPT_OUTPUT_FILE_0}\"\n";
			showEnvVarsInLog = 0;
		};
/* End PBXShellScriptBuildPhase section */

/* Begin PBXSourcesBuildPhase section */
		93EE3C9B2558822500B504DF /* Sources */ = {
			isa = PBXSourcesBuildPhase;
			buildActionMask = 2147483647;
			files = (
				9907F0F42582A53F00026DB0 /* AddListViewController.swift in Sources */,
				93EE3CA72558822500B504DF /* MainViewController.swift in Sources */,
				6949C910257D8F5B00175AC5 /* SearchResultsViewController.swift in Sources */,
				93EE3CA32558822500B504DF /* AppDelegate.swift in Sources */,
				930C1FAF256C0D9D0086E1DC /* APIDatas.swift in Sources */,
				6929E5F7257FD4FE008F32D3 /* StarRatingStackView.swift in Sources */,
				6994EAD6255DBF4A00AC48F6 /* MyCartViewController.swift in Sources */,
				9996E88D2585121000986DB1 /* ListDetailViewController.swift in Sources */,
				99F3379D256ADD460095105F /* ProfileViewController.swift in Sources */,
				6994EAD2255DB9F500AC48F6 /* CategoriesViewController.swift in Sources */,
				FCE56DDA25855C5800A119FA /* SubCategoryCell.swift in Sources */,
				93D91AC625867A3B007B238C /* MyAccountViewController.swift in Sources */,
				9377BEB425AD0D7100AE8CC2 /* VendorProfileViewController.swift in Sources */,
				99DE0AEF25967E10004BAFDA /* ReviewTableViewCell.swift in Sources */,
				9333667C25794FDB0010E82F /* Constants.swift in Sources */,
				93E99DE42577E93300BCFDAD /* APIManager.swift in Sources */,
				6929E5F1257F8576008F32D3 /* SearchHistoryTableViewCell.swift in Sources */,
				93E99DE92577F3F700BCFDAD /* ProductDetailViewController.swift in Sources */,
				93E99DD92577E8CD00BCFDAD /* LoginViewController.swift in Sources */,
				938A1552256AD19100572844 /* CategoryCollectionViewCell.swift in Sources */,
				6994EAD0255DB7BC00AC48F6 /* WishlistViewController.swift in Sources */,
				939AB4F825694B76007815C8 /* StringHelper.swift in Sources */,
				9377BEBE25AD0DA300AE8CC2 /* VendorMyProductsViewController.swift in Sources */,
				6917C9C2259696E700BCA7B8 /* FilterViewController.swift in Sources */,
				6994EACD255DA3D400AC48F6 /* MainTabBarController.swift in Sources */,
				93EE3CDA25594A6800B504DF /* ProductCell.swift in Sources */,
				930C1FA0256C08E20086E1DC /* URLRequestBuilder.swift in Sources */,
				93E99DDA2577E8CD00BCFDAD /* SignUpViewController.swift in Sources */,
				99F6E84D257EBDBB0045C7BD /* ListCell.swift in Sources */,
				93E99DDF2577E91B00BCFDAD /* RadioButton.swift in Sources */,
				930C1FB4256C12A00086E1DC /* APIParse.swift in Sources */,
				696B5E21258E988800CF1FB8 /* CartTableViewCell.swift in Sources */,
				93EE3CAD2558822500B504DF /* Bazaar_iOS.xcdatamodeld in Sources */,
				93EE3CA52558822500B504DF /* SceneDelegate.swift in Sources */,
				930C1FA6256C09FC0086E1DC /* ApiRouter.swift in Sources */,
				6994EAE22566F8D300AC48F6 /* Product.swift in Sources */,
				9377BEB925AD0D8600AE8CC2 /* VendorMyOrdersViewController.swift in Sources */,
				99DE0AE825967DD3004BAFDA /* ReviewsViewController.swift in Sources */,
				6929E5F8257FD4FE008F32D3 /* StarRatingView.swift in Sources */,
				93FC745E2597BB7900236D54 /* MapViewController.swift in Sources */,
			);
			runOnlyForDeploymentPostprocessing = 0;
		};
		93EE3CB42558822700B504DF /* Sources */ = {
			isa = PBXSourcesBuildPhase;
			buildActionMask = 2147483647;
			files = (
				93EE3CBD2558822700B504DF /* Bazaar_iOSTests.swift in Sources */,
			);
			runOnlyForDeploymentPostprocessing = 0;
		};
		93EE3CBF2558822700B504DF /* Sources */ = {
			isa = PBXSourcesBuildPhase;
			buildActionMask = 2147483647;
			files = (
				93EE3CC82558822700B504DF /* Bazaar_iOSUITests.swift in Sources */,
			);
			runOnlyForDeploymentPostprocessing = 0;
		};
/* End PBXSourcesBuildPhase section */

/* Begin PBXTargetDependency section */
		93EE3CBA2558822700B504DF /* PBXTargetDependency */ = {
			isa = PBXTargetDependency;
			target = 93EE3C9E2558822500B504DF /* Bazaar-iOS */;
			targetProxy = 93EE3CB92558822700B504DF /* PBXContainerItemProxy */;
		};
		93EE3CC52558822700B504DF /* PBXTargetDependency */ = {
			isa = PBXTargetDependency;
			target = 93EE3C9E2558822500B504DF /* Bazaar-iOS */;
			targetProxy = 93EE3CC42558822700B504DF /* PBXContainerItemProxy */;
		};
/* End PBXTargetDependency section */

/* Begin PBXVariantGroup section */
		93EE3CA82558822500B504DF /* Main.storyboard */ = {
			isa = PBXVariantGroup;
			children = (
				93EE3CA92558822500B504DF /* Base */,
			);
			name = Main.storyboard;
			sourceTree = "<group>";
		};
		93EE3CB02558822700B504DF /* LaunchScreen.storyboard */ = {
			isa = PBXVariantGroup;
			children = (
				93EE3CB12558822700B504DF /* Base */,
			);
			name = LaunchScreen.storyboard;
			sourceTree = "<group>";
		};
/* End PBXVariantGroup section */

/* Begin XCBuildConfiguration section */
		93EE3CCA2558822700B504DF /* Debug */ = {
			isa = XCBuildConfiguration;
			buildSettings = {
				ALWAYS_SEARCH_USER_PATHS = NO;
				CLANG_ANALYZER_NONNULL = YES;
				CLANG_ANALYZER_NUMBER_OBJECT_CONVERSION = YES_AGGRESSIVE;
				CLANG_CXX_LANGUAGE_STANDARD = "gnu++14";
				CLANG_CXX_LIBRARY = "libc++";
				CLANG_ENABLE_MODULES = YES;
				CLANG_ENABLE_OBJC_ARC = YES;
				CLANG_ENABLE_OBJC_WEAK = YES;
				CLANG_WARN_BLOCK_CAPTURE_AUTORELEASING = YES;
				CLANG_WARN_BOOL_CONVERSION = YES;
				CLANG_WARN_COMMA = YES;
				CLANG_WARN_CONSTANT_CONVERSION = YES;
				CLANG_WARN_DEPRECATED_OBJC_IMPLEMENTATIONS = YES;
				CLANG_WARN_DIRECT_OBJC_ISA_USAGE = YES_ERROR;
				CLANG_WARN_DOCUMENTATION_COMMENTS = YES;
				CLANG_WARN_EMPTY_BODY = YES;
				CLANG_WARN_ENUM_CONVERSION = YES;
				CLANG_WARN_INFINITE_RECURSION = YES;
				CLANG_WARN_INT_CONVERSION = YES;
				CLANG_WARN_NON_LITERAL_NULL_CONVERSION = YES;
				CLANG_WARN_OBJC_IMPLICIT_RETAIN_SELF = YES;
				CLANG_WARN_OBJC_LITERAL_CONVERSION = YES;
				CLANG_WARN_OBJC_ROOT_CLASS = YES_ERROR;
				CLANG_WARN_QUOTED_INCLUDE_IN_FRAMEWORK_HEADER = YES;
				CLANG_WARN_RANGE_LOOP_ANALYSIS = YES;
				CLANG_WARN_STRICT_PROTOTYPES = YES;
				CLANG_WARN_SUSPICIOUS_MOVE = YES;
				CLANG_WARN_UNGUARDED_AVAILABILITY = YES_AGGRESSIVE;
				CLANG_WARN_UNREACHABLE_CODE = YES;
				CLANG_WARN__DUPLICATE_METHOD_MATCH = YES;
				COPY_PHASE_STRIP = NO;
				DEBUG_INFORMATION_FORMAT = dwarf;
				ENABLE_STRICT_OBJC_MSGSEND = YES;
				ENABLE_TESTABILITY = YES;
				GCC_C_LANGUAGE_STANDARD = gnu11;
				GCC_DYNAMIC_NO_PIC = NO;
				GCC_NO_COMMON_BLOCKS = YES;
				GCC_OPTIMIZATION_LEVEL = 0;
				GCC_PREPROCESSOR_DEFINITIONS = (
					"DEBUG=1",
					"$(inherited)",
				);
				GCC_WARN_64_TO_32_BIT_CONVERSION = YES;
				GCC_WARN_ABOUT_RETURN_TYPE = YES_ERROR;
				GCC_WARN_UNDECLARED_SELECTOR = YES;
				GCC_WARN_UNINITIALIZED_AUTOS = YES_AGGRESSIVE;
				GCC_WARN_UNUSED_FUNCTION = YES;
				GCC_WARN_UNUSED_VARIABLE = YES;
				IPHONEOS_DEPLOYMENT_TARGET = 13.2;
				MTL_ENABLE_DEBUG_INFO = INCLUDE_SOURCE;
				MTL_FAST_MATH = YES;
				ONLY_ACTIVE_ARCH = YES;
				SDKROOT = iphoneos;
				SWIFT_ACTIVE_COMPILATION_CONDITIONS = DEBUG;
				SWIFT_OPTIMIZATION_LEVEL = "-Onone";
			};
			name = Debug;
		};
		93EE3CCB2558822700B504DF /* Release */ = {
			isa = XCBuildConfiguration;
			buildSettings = {
				ALWAYS_SEARCH_USER_PATHS = NO;
				CLANG_ANALYZER_NONNULL = YES;
				CLANG_ANALYZER_NUMBER_OBJECT_CONVERSION = YES_AGGRESSIVE;
				CLANG_CXX_LANGUAGE_STANDARD = "gnu++14";
				CLANG_CXX_LIBRARY = "libc++";
				CLANG_ENABLE_MODULES = YES;
				CLANG_ENABLE_OBJC_ARC = YES;
				CLANG_ENABLE_OBJC_WEAK = YES;
				CLANG_WARN_BLOCK_CAPTURE_AUTORELEASING = YES;
				CLANG_WARN_BOOL_CONVERSION = YES;
				CLANG_WARN_COMMA = YES;
				CLANG_WARN_CONSTANT_CONVERSION = YES;
				CLANG_WARN_DEPRECATED_OBJC_IMPLEMENTATIONS = YES;
				CLANG_WARN_DIRECT_OBJC_ISA_USAGE = YES_ERROR;
				CLANG_WARN_DOCUMENTATION_COMMENTS = YES;
				CLANG_WARN_EMPTY_BODY = YES;
				CLANG_WARN_ENUM_CONVERSION = YES;
				CLANG_WARN_INFINITE_RECURSION = YES;
				CLANG_WARN_INT_CONVERSION = YES;
				CLANG_WARN_NON_LITERAL_NULL_CONVERSION = YES;
				CLANG_WARN_OBJC_IMPLICIT_RETAIN_SELF = YES;
				CLANG_WARN_OBJC_LITERAL_CONVERSION = YES;
				CLANG_WARN_OBJC_ROOT_CLASS = YES_ERROR;
				CLANG_WARN_QUOTED_INCLUDE_IN_FRAMEWORK_HEADER = YES;
				CLANG_WARN_RANGE_LOOP_ANALYSIS = YES;
				CLANG_WARN_STRICT_PROTOTYPES = YES;
				CLANG_WARN_SUSPICIOUS_MOVE = YES;
				CLANG_WARN_UNGUARDED_AVAILABILITY = YES_AGGRESSIVE;
				CLANG_WARN_UNREACHABLE_CODE = YES;
				CLANG_WARN__DUPLICATE_METHOD_MATCH = YES;
				COPY_PHASE_STRIP = NO;
				DEBUG_INFORMATION_FORMAT = "dwarf-with-dsym";
				ENABLE_NS_ASSERTIONS = NO;
				ENABLE_STRICT_OBJC_MSGSEND = YES;
				GCC_C_LANGUAGE_STANDARD = gnu11;
				GCC_NO_COMMON_BLOCKS = YES;
				GCC_WARN_64_TO_32_BIT_CONVERSION = YES;
				GCC_WARN_ABOUT_RETURN_TYPE = YES_ERROR;
				GCC_WARN_UNDECLARED_SELECTOR = YES;
				GCC_WARN_UNINITIALIZED_AUTOS = YES_AGGRESSIVE;
				GCC_WARN_UNUSED_FUNCTION = YES;
				GCC_WARN_UNUSED_VARIABLE = YES;
				IPHONEOS_DEPLOYMENT_TARGET = 13.2;
				MTL_ENABLE_DEBUG_INFO = NO;
				MTL_FAST_MATH = YES;
				SDKROOT = iphoneos;
				SWIFT_COMPILATION_MODE = wholemodule;
				SWIFT_OPTIMIZATION_LEVEL = "-O";
				VALIDATE_PRODUCT = YES;
			};
			name = Release;
		};
		93EE3CCD2558822700B504DF /* Debug */ = {
			isa = XCBuildConfiguration;
			baseConfigurationReference = E1954329F55FC30FDF3065EB /* Pods-Bazaar-iOS.debug.xcconfig */;
			buildSettings = {
				ASSETCATALOG_COMPILER_APPICON_NAME = AppIcon;
				ASSETCATALOG_COMPILER_GLOBAL_ACCENT_COLOR_NAME = AccentColor;
				CODE_SIGN_STYLE = Automatic;
				DEVELOPMENT_TEAM = "";
				INFOPLIST_FILE = "Bazaar-iOS/Info.plist";
				IPHONEOS_DEPLOYMENT_TARGET = 13.0;
				LD_RUNPATH_SEARCH_PATHS = (
					"$(inherited)",
					"@executable_path/Frameworks",
				);
				PRODUCT_BUNDLE_IDENTIFIER = "com.bazaar.Bazaar-iOS";
				PRODUCT_NAME = "$(TARGET_NAME)";
				SWIFT_VERSION = 5.0;
				TARGETED_DEVICE_FAMILY = "1,2";
			};
			name = Debug;
		};
		93EE3CCE2558822700B504DF /* Release */ = {
			isa = XCBuildConfiguration;
			baseConfigurationReference = 6034087162F858F015005C28 /* Pods-Bazaar-iOS.release.xcconfig */;
			buildSettings = {
				ASSETCATALOG_COMPILER_APPICON_NAME = AppIcon;
				ASSETCATALOG_COMPILER_GLOBAL_ACCENT_COLOR_NAME = AccentColor;
				CODE_SIGN_STYLE = Automatic;
				DEVELOPMENT_TEAM = "";
				INFOPLIST_FILE = "Bazaar-iOS/Info.plist";
				IPHONEOS_DEPLOYMENT_TARGET = 13.0;
				LD_RUNPATH_SEARCH_PATHS = (
					"$(inherited)",
					"@executable_path/Frameworks",
				);
				PRODUCT_BUNDLE_IDENTIFIER = "com.bazaar.Bazaar-iOS";
				PRODUCT_NAME = "$(TARGET_NAME)";
				SWIFT_VERSION = 5.0;
				TARGETED_DEVICE_FAMILY = "1,2";
			};
			name = Release;
		};
		93EE3CD02558822700B504DF /* Debug */ = {
			isa = XCBuildConfiguration;
			baseConfigurationReference = A85CF019F70A791D259865C3 /* Pods-Bazaar-iOSTests.debug.xcconfig */;
			buildSettings = {
				ALWAYS_EMBED_SWIFT_STANDARD_LIBRARIES = YES;
				BUNDLE_LOADER = "$(TEST_HOST)";
				CODE_SIGN_STYLE = Automatic;
				DEVELOPMENT_TEAM = 6Q43VZR6X5;
				INFOPLIST_FILE = "Bazaar-iOSTests/Info.plist";
				IPHONEOS_DEPLOYMENT_TARGET = 14.1;
				LD_RUNPATH_SEARCH_PATHS = (
					"$(inherited)",
					"@executable_path/Frameworks",
					"@loader_path/Frameworks",
				);
				PRODUCT_BUNDLE_IDENTIFIER = "com.muhsinetki.Bazaar-iOSTests";
				PRODUCT_NAME = "$(TARGET_NAME)";
				SWIFT_VERSION = 5.0;
				TARGETED_DEVICE_FAMILY = "1,2";
				TEST_HOST = "$(BUILT_PRODUCTS_DIR)/Bazaar-iOS.app/Bazaar-iOS";
			};
			name = Debug;
		};
		93EE3CD12558822700B504DF /* Release */ = {
			isa = XCBuildConfiguration;
			baseConfigurationReference = 3FA7F490455E3D35641E5D4D /* Pods-Bazaar-iOSTests.release.xcconfig */;
			buildSettings = {
				ALWAYS_EMBED_SWIFT_STANDARD_LIBRARIES = YES;
				BUNDLE_LOADER = "$(TEST_HOST)";
				CODE_SIGN_STYLE = Automatic;
				DEVELOPMENT_TEAM = 6Q43VZR6X5;
				INFOPLIST_FILE = "Bazaar-iOSTests/Info.plist";
				IPHONEOS_DEPLOYMENT_TARGET = 14.1;
				LD_RUNPATH_SEARCH_PATHS = (
					"$(inherited)",
					"@executable_path/Frameworks",
					"@loader_path/Frameworks",
				);
				PRODUCT_BUNDLE_IDENTIFIER = "com.muhsinetki.Bazaar-iOSTests";
				PRODUCT_NAME = "$(TARGET_NAME)";
				SWIFT_VERSION = 5.0;
				TARGETED_DEVICE_FAMILY = "1,2";
				TEST_HOST = "$(BUILT_PRODUCTS_DIR)/Bazaar-iOS.app/Bazaar-iOS";
			};
			name = Release;
		};
		93EE3CD32558822700B504DF /* Debug */ = {
			isa = XCBuildConfiguration;
			baseConfigurationReference = C2CE009AFB6282C4354EBE10 /* Pods-Bazaar-iOS-Bazaar-iOSUITests.debug.xcconfig */;
			buildSettings = {
				ALWAYS_EMBED_SWIFT_STANDARD_LIBRARIES = YES;
				CODE_SIGN_STYLE = Automatic;
				DEVELOPMENT_TEAM = 6Q43VZR6X5;
				INFOPLIST_FILE = "Bazaar-iOSUITests/Info.plist";
				LD_RUNPATH_SEARCH_PATHS = (
					"$(inherited)",
					"@executable_path/Frameworks",
					"@loader_path/Frameworks",
				);
				PRODUCT_BUNDLE_IDENTIFIER = "com.muhsinetki.Bazaar-iOSUITests";
				PRODUCT_NAME = "$(TARGET_NAME)";
				SWIFT_VERSION = 5.0;
				TARGETED_DEVICE_FAMILY = "1,2";
				TEST_TARGET_NAME = "Bazaar-iOS";
			};
			name = Debug;
		};
		93EE3CD42558822700B504DF /* Release */ = {
			isa = XCBuildConfiguration;
			baseConfigurationReference = 7C5A2609DB6D947357D3EE51 /* Pods-Bazaar-iOS-Bazaar-iOSUITests.release.xcconfig */;
			buildSettings = {
				ALWAYS_EMBED_SWIFT_STANDARD_LIBRARIES = YES;
				CODE_SIGN_STYLE = Automatic;
				DEVELOPMENT_TEAM = 6Q43VZR6X5;
				INFOPLIST_FILE = "Bazaar-iOSUITests/Info.plist";
				LD_RUNPATH_SEARCH_PATHS = (
					"$(inherited)",
					"@executable_path/Frameworks",
					"@loader_path/Frameworks",
				);
				PRODUCT_BUNDLE_IDENTIFIER = "com.muhsinetki.Bazaar-iOSUITests";
				PRODUCT_NAME = "$(TARGET_NAME)";
				SWIFT_VERSION = 5.0;
				TARGETED_DEVICE_FAMILY = "1,2";
				TEST_TARGET_NAME = "Bazaar-iOS";
			};
			name = Release;
		};
/* End XCBuildConfiguration section */

/* Begin XCConfigurationList section */
		93EE3C9A2558822500B504DF /* Build configuration list for PBXProject "Bazaar-iOS" */ = {
			isa = XCConfigurationList;
			buildConfigurations = (
				93EE3CCA2558822700B504DF /* Debug */,
				93EE3CCB2558822700B504DF /* Release */,
			);
			defaultConfigurationIsVisible = 0;
			defaultConfigurationName = Release;
		};
		93EE3CCC2558822700B504DF /* Build configuration list for PBXNativeTarget "Bazaar-iOS" */ = {
			isa = XCConfigurationList;
			buildConfigurations = (
				93EE3CCD2558822700B504DF /* Debug */,
				93EE3CCE2558822700B504DF /* Release */,
			);
			defaultConfigurationIsVisible = 0;
			defaultConfigurationName = Release;
		};
		93EE3CCF2558822700B504DF /* Build configuration list for PBXNativeTarget "Bazaar-iOSTests" */ = {
			isa = XCConfigurationList;
			buildConfigurations = (
				93EE3CD02558822700B504DF /* Debug */,
				93EE3CD12558822700B504DF /* Release */,
			);
			defaultConfigurationIsVisible = 0;
			defaultConfigurationName = Release;
		};
		93EE3CD22558822700B504DF /* Build configuration list for PBXNativeTarget "Bazaar-iOSUITests" */ = {
			isa = XCConfigurationList;
			buildConfigurations = (
				93EE3CD32558822700B504DF /* Debug */,
				93EE3CD42558822700B504DF /* Release */,
			);
			defaultConfigurationIsVisible = 0;
			defaultConfigurationName = Release;
		};
/* End XCConfigurationList section */

/* Begin XCRemoteSwiftPackageReference section */
		930C1FC4256C140B0086E1DC /* XCRemoteSwiftPackageReference "Alamofire" */ = {
			isa = XCRemoteSwiftPackageReference;
			repositoryURL = "https://github.com/Alamofire/Alamofire.git";
			requirement = {
				kind = upToNextMajorVersion;
				minimumVersion = 5.4.0;
			};
		};
/* End XCRemoteSwiftPackageReference section */

/* Begin XCSwiftPackageProductDependency section */
		930C1FC5256C140B0086E1DC /* Alamofire */ = {
			isa = XCSwiftPackageProductDependency;
			package = 930C1FC4256C140B0086E1DC /* XCRemoteSwiftPackageReference "Alamofire" */;
			productName = Alamofire;
		};
/* End XCSwiftPackageProductDependency section */

/* Begin XCVersionGroup section */
		93EE3CAB2558822500B504DF /* Bazaar_iOS.xcdatamodeld */ = {
			isa = XCVersionGroup;
			children = (
				93EE3CAC2558822500B504DF /* Bazaar_iOS.xcdatamodel */,
			);
			currentVersion = 93EE3CAC2558822500B504DF /* Bazaar_iOS.xcdatamodel */;
			path = Bazaar_iOS.xcdatamodeld;
			sourceTree = "<group>";
			versionGroupType = wrapper.xcdatamodel;
		};
/* End XCVersionGroup section */
	};
	rootObject = 93EE3C972558822500B504DF /* Project object */;
}
